
Microsoft Visual Studio Solution File, Format Version 12.00
# Visual Studio 2012
Project("{D954291E-2A0B-460D-934E-DC6B0785DB48}") = "MagnetFinder", "MagnetFinder\MagnetFinder.shproj", "{2EA52ACD-8BFD-436C-9F17-640366204CB9}"
EndProject
Project("{FAE04EC0-301F-11D3-BF4B-00C04F79EFBC}") = "MagnetFinder.Droid", "Droid\MagnetFinder.Droid.csproj", "{DB1DE1BB-16E1-4EC3-8C6F-6CB01AF7276C}"
EndProject
Project("{FAE04EC0-301F-11D3-BF4B-00C04F79EFBC}") = "MagnetFinder.iOS", "iOS\MagnetFinder.iOS.csproj", "{5880553E-CD16-4F9C-9C42-671DCA0B98D4}"
EndProject
Global
	GlobalSection(SolutionConfigurationPlatforms) = preSolution
		Debug|Any CPU = Debug|Any CPU
		Release|Any CPU = Release|Any CPU
		Debug|iPhoneSimulator = Debug|iPhoneSimulator
		Release|iPhone = Release|iPhone
		Release|iPhoneSimulator = Release|iPhoneSimulator
		Debug|iPhone = Debug|iPhone
	EndGlobalSection
	GlobalSection(ProjectConfigurationPlatforms) = postSolution
		{DB1DE1BB-16E1-4EC3-8C6F-6CB01AF7276C}.Debug|Any CPU.ActiveCfg = Debug|Any CPU
		{DB1DE1BB-16E1-4EC3-8C6F-6CB01AF7276C}.Debug|Any CPU.Build.0 = Debug|Any CPU
		{DB1DE1BB-16E1-4EC3-8C6F-6CB01AF7276C}.Release|Any CPU.ActiveCfg = Release|Any CPU
		{DB1DE1BB-16E1-4EC3-8C6F-6CB01AF7276C}.Release|Any CPU.Build.0 = Release|Any CPU
		{DB1DE1BB-16E1-4EC3-8C6F-6CB01AF7276C}.Debug|iPhoneSimulator.ActiveCfg = Debug|Any CPU
		{DB1DE1BB-16E1-4EC3-8C6F-6CB01AF7276C}.Debug|iPhoneSimulator.Build.0 = Debug|Any CPU
		{DB1DE1BB-16E1-4EC3-8C6F-6CB01AF7276C}.Release|iPhone.ActiveCfg = Release|Any CPU
		{DB1DE1BB-16E1-4EC3-8C6F-6CB01AF7276C}.Release|iPhone.Build.0 = Release|Any CPU
		{DB1DE1BB-16E1-4EC3-8C6F-6CB01AF7276C}.Release|iPhoneSimulator.ActiveCfg = Release|Any CPU
		{DB1DE1BB-16E1-4EC3-8C6F-6CB01AF7276C}.Release|iPhoneSimulator.Build.0 = Release|Any CPU
		{DB1DE1BB-16E1-4EC3-8C6F-6CB01AF7276C}.Debug|iPhone.ActiveCfg = Debug|Any CPU
		{DB1DE1BB-16E1-4EC3-8C6F-6CB01AF7276C}.Debug|iPhone.Build.0 = Debug|Any CPU
		{5880553E-CD16-4F9C-9C42-671DCA0B98D4}.Debug|Any CPU.ActiveCfg = Debug|iPhoneSimulator
		{5880553E-CD16-4F9C-9C42-671DCA0B98D4}.Debug|Any CPU.Build.0 = Debug|iPhoneSimulator
		{5880553E-CD16-4F9C-9C42-671DCA0B98D4}.Release|Any CPU.ActiveCfg = Release|iPhone
		{5880553E-CD16-4F9C-9C42-671DCA0B98D4}.Release|Any CPU.Build.0 = Release|iPhone
		{5880553E-CD16-4F9C-9C42-671DCA0B98D4}.Debug|iPhoneSimulator.ActiveCfg = Debug|iPhoneSimulator
		{5880553E-CD16-4F9C-9C42-671DCA0B98D4}.Debug|iPhoneSimulator.Build.0 = Debug|iPhoneSimulator
		{5880553E-CD16-4F9C-9C42-671DCA0B98D4}.Release|iPhone.ActiveCfg = Release|iPhone
		{5880553E-CD16-4F9C-9C42-671DCA0B98D4}.Release|iPhone.Build.0 = Release|iPhone
		{5880553E-CD16-4F9C-9C42-671DCA0B98D4}.Release|iPhoneSimulator.ActiveCfg = Release|iPhoneSimulator
		{5880553E-CD16-4F9C-9C42-671DCA0B98D4}.Release|iPhoneSimulator.Build.0 = Release|iPhoneSimulator
		{5880553E-CD16-4F9C-9C42-671DCA0B98D4}.Debug|iPhone.ActiveCfg = Debug|iPhone
		{5880553E-CD16-4F9C-9C42-671DCA0B98D4}.Debug|iPhone.Build.0 = Debug|iPhone
	EndGlobalSection
EndGlobal
